
Microsoft Visual Studio Solution File, Format Version 12.00
# Visual Studio Version 17
VisualStudioVersion = 17.11.35312.102
MinimumVisualStudioVersion = 10.0.40219.1
Project("{FAE04EC0-301F-11D3-BF4B-00C04F79EFBC}") = "Bank", "Bank\Bank.csproj", "{F206B921-F6FC-4587-8F70-E5231E356106}"
EndProject
Project("{FAE04EC0-301F-11D3-BF4B-00C04F79EFBC}") = "BankTests", "BankTests\BankTests.csproj", "{593A6FD9-1DE9-4522-A70F-0FAE15BF1D93}"
EndProject
Global
	GlobalSection(SolutionConfigurationPlatforms) = preSolution
		Debug|Any CPU = Debug|Any CPU
		Release|Any CPU = Release|Any CPU
	EndGlobalSection
	GlobalSection(ProjectConfigurationPlatforms) = postSolution
		{F206B921-F6FC-4587-8F70-E5231E356106}.Debug|Any CPU.ActiveCfg = Debug|Any CPU
		{F206B921-F6FC-4587-8F70-E5231E356106}.Debug|Any CPU.Build.0 = Debug|Any CPU
		{F206B921-F6FC-4587-8F70-E5231E356106}.Release|Any CPU.ActiveCfg = Release|Any CPU
		{F206B921-F6FC-4587-8F70-E5231E356106}.Release|Any CPU.Build.0 = Release|Any CPU
		{593A6FD9-1DE9-4522-A70F-0FAE15BF1D93}.Debug|Any CPU.ActiveCfg = Debug|Any CPU
		{593A6FD9-1DE9-4522-A70F-0FAE15BF1D93}.Debug|Any CPU.Build.0 = Debug|Any CPU
		{593A6FD9-1DE9-4522-A70F-0FAE15BF1D93}.Release|Any CPU.ActiveCfg = Release|Any CPU
		{593A6FD9-1DE9-4522-A70F-0FAE15BF1D93}.Release|Any CPU.Build.0 = Release|Any CPU
	EndGlobalSection
	GlobalSection(SolutionProperties) = preSolution
		HideSolutionNode = FALSE
	EndGlobalSection
	GlobalSection(ExtensibilityGlobals) = postSolution
		SolutionGuid = {6107570F-D93D-4EEB-A529-F8D38771648F}
	EndGlobalSection
EndGlobal
