
Microsoft Visual Studio Solution File, Format Version 12.00
# Visual Studio Version 17
VisualStudioVersion = 17.11.35312.102
MinimumVisualStudioVersion = 10.0.40219.1
Project("{FAE04EC0-301F-11D3-BF4B-00C04F79EFBC}") = "FactorialTest", "FactorialTest\FactorialTest.csproj", "{254B3B89-3809-4E9F-A106-35C91AE296A8}"
EndProject
Project("{FAE04EC0-301F-11D3-BF4B-00C04F79EFBC}") = "FactorialTest.Test", "FactorialTest.Test\FactorialTest.Test.csproj", "{1E680E4B-6514-48B4-B4CC-4EBCD58081D0}"
EndProject
Global
	GlobalSection(SolutionConfigurationPlatforms) = preSolution
		Debug|Any CPU = Debug|Any CPU
		Release|Any CPU = Release|Any CPU
	EndGlobalSection
	GlobalSection(ProjectConfigurationPlatforms) = postSolution
		{254B3B89-3809-4E9F-A106-35C91AE296A8}.Debug|Any CPU.ActiveCfg = Debug|Any CPU
		{254B3B89-3809-4E9F-A106-35C91AE296A8}.Debug|Any CPU.Build.0 = Debug|Any CPU
		{254B3B89-3809-4E9F-A106-35C91AE296A8}.Release|Any CPU.ActiveCfg = Release|Any CPU
		{254B3B89-3809-4E9F-A106-35C91AE296A8}.Release|Any CPU.Build.0 = Release|Any CPU
		{1E680E4B-6514-48B4-B4CC-4EBCD58081D0}.Debug|Any CPU.ActiveCfg = Debug|Any CPU
		{1E680E4B-6514-48B4-B4CC-4EBCD58081D0}.Debug|Any CPU.Build.0 = Debug|Any CPU
		{1E680E4B-6514-48B4-B4CC-4EBCD58081D0}.Release|Any CPU.ActiveCfg = Release|Any CPU
		{1E680E4B-6514-48B4-B4CC-4EBCD58081D0}.Release|Any CPU.Build.0 = Release|Any CPU
	EndGlobalSection
	GlobalSection(SolutionProperties) = preSolution
		HideSolutionNode = FALSE
	EndGlobalSection
	GlobalSection(ExtensibilityGlobals) = postSolution
		SolutionGuid = {521B1C6B-D0FF-42D7-B02F-9C10F631DB99}
	EndGlobalSection
EndGlobal
